
Microsoft Visual Studio Solution File, Format Version 12.00
# Visual Studio Version 16
VisualStudioVersion = 16.0.31729.503
MinimumVisualStudioVersion = 10.0.40219.1
Project("{FAE04EC0-301F-11D3-BF4B-00C04F79EFBC}") = "Discord Status", "Discord Status\Discord Status.csproj", "{E4744F7F-51A5-4797-AB31-D751209AB502}"
EndProject
Project("{2150E333-8FDC-42A3-9474-1A3956D46DE8}") = "Solution Items", "Solution Items", "{0FD00C54-42BF-451B-8274-491DBB96DA77}"
	ProjectSection(SolutionItems) = preProject
		.editorconfig = .editorconfig
	EndProjectSection
EndProject
Global
	GlobalSection(SolutionConfigurationPlatforms) = preSolution
		Debug|Any CPU = Debug|Any CPU
		Release|Any CPU = Release|Any CPU
	EndGlobalSection
	GlobalSection(ProjectConfigurationPlatforms) = postSolution
		{E4744F7F-51A5-4797-AB31-D751209AB502}.Debug|Any CPU.ActiveCfg = Debug|Any CPU
		{E4744F7F-51A5-4797-AB31-D751209AB502}.Debug|Any CPU.Build.0 = Debug|Any CPU
		{E4744F7F-51A5-4797-AB31-D751209AB502}.Release|Any CPU.ActiveCfg = Release|Any CPU
		{E4744F7F-51A5-4797-AB31-D751209AB502}.Release|Any CPU.Build.0 = Release|Any CPU
	EndGlobalSection
	GlobalSection(SolutionProperties) = preSolution
		HideSolutionNode = FALSE
	EndGlobalSection
	GlobalSection(ExtensibilityGlobals) = postSolution
		SolutionGuid = {CA33E09A-F22E-40DF-A9F8-940C198F3539}
	EndGlobalSection
EndGlobal
